// !$*UTF8*$!
{
	archiveVersion = 1;
	classes = {
	};
	objectVersion = 55;
	objects = {

/* Begin PBXBuildFile section */
		4516C465284FDD9A00A6F888 /* AssetPriceDisplayApp.swift in Sources */ = {isa = PBXBuildFile; fileRef = 4516C464284FDD9A00A6F888 /* AssetPriceDisplayApp.swift */; };
		4516C467284FDD9A00A6F888 /* ContentView.swift in Sources */ = {isa = PBXBuildFile; fileRef = 4516C466284FDD9A00A6F888 /* ContentView.swift */; };
		4516C469284FDD9B00A6F888 /* Assets.xcassets in Resources */ = {isa = PBXBuildFile; fileRef = 4516C468284FDD9B00A6F888 /* Assets.xcassets */; };
		4516C46C284FDD9B00A6F888 /* Preview Assets.xcassets in Resources */ = {isa = PBXBuildFile; fileRef = 4516C46B284FDD9B00A6F888 /* Preview Assets.xcassets */; };
		45D4F0CD28504D5D003EA2DF /* WatchlistView.swift in Sources */ = {isa = PBXBuildFile; fileRef = 45D4F0CC28504D5D003EA2DF /* WatchlistView.swift */; };
		45D4F0DA2852DED5003EA2DF /* AssetPriceDisplay.xcdatamodeld in Sources */ = {isa = PBXBuildFile; fileRef = 45D4F0D82852DED5003EA2DF /* AssetPriceDisplay.xcdatamodeld */; };
		45D4F0DC2852E9B2003EA2DF /* DataProvider.swift in Sources */ = {isa = PBXBuildFile; fileRef = 45D4F0DB2852E9B2003EA2DF /* DataProvider.swift */; };
		45DB34DC28530F7D007FA63F /* AssetModel.swift in Sources */ = {isa = PBXBuildFile; fileRef = 45DB34DB28530F7D007FA63F /* AssetModel.swift */; };
		45DB34FD28542B18007FA63F /* EditView.swift in Sources */ = {isa = PBXBuildFile; fileRef = 45DB34FC28542B18007FA63F /* EditView.swift */; };
		45DB34FF28542DA9007FA63F /* CardView.swift in Sources */ = {isa = PBXBuildFile; fileRef = 45DB34FE28542DA9007FA63F /* CardView.swift */; };
		45DB350228544BAB007FA63F /* REST_Helper.swift in Sources */ = {isa = PBXBuildFile; fileRef = 45DB350128544BAB007FA63F /* REST_Helper.swift */; };
		45DB35062855702A007FA63F /* TypeExtensions.swift in Sources */ = {isa = PBXBuildFile; fileRef = 45DB35052855702A007FA63F /* TypeExtensions.swift */; };
/* End PBXBuildFile section */

/* Begin PBXFileReference section */
		4516C461284FDD9A00A6F888 /* AssetPriceDisplay.app */ = {isa = PBXFileReference; explicitFileType = wrapper.application; includeInIndex = 0; path = AssetPriceDisplay.app; sourceTree = BUILT_PRODUCTS_DIR; };
		4516C464284FDD9A00A6F888 /* AssetPriceDisplayApp.swift */ = {isa = PBXFileReference; lastKnownFileType = sourcecode.swift; path = AssetPriceDisplayApp.swift; sourceTree = "<group>"; };
		4516C466284FDD9A00A6F888 /* ContentView.swift */ = {isa = PBXFileReference; lastKnownFileType = sourcecode.swift; path = ContentView.swift; sourceTree = "<group>"; };
		4516C468284FDD9B00A6F888 /* Assets.xcassets */ = {isa = PBXFileReference; lastKnownFileType = folder.assetcatalog; path = Assets.xcassets; sourceTree = "<group>"; };
		4516C46B284FDD9B00A6F888 /* Preview Assets.xcassets */ = {isa = PBXFileReference; lastKnownFileType = folder.assetcatalog; path = "Preview Assets.xcassets"; sourceTree = "<group>"; };
		45D4F0CC28504D5D003EA2DF /* WatchlistView.swift */ = {isa = PBXFileReference; lastKnownFileType = sourcecode.swift; path = WatchlistView.swift; sourceTree = "<group>"; };
		45D4F0D92852DED5003EA2DF /* AssetPriceDisplay.xcdatamodel */ = {isa = PBXFileReference; lastKnownFileType = wrapper.xcdatamodel; path = AssetPriceDisplay.xcdatamodel; sourceTree = "<group>"; };
		45D4F0DB2852E9B2003EA2DF /* DataProvider.swift */ = {isa = PBXFileReference; lastKnownFileType = sourcecode.swift; path = DataProvider.swift; sourceTree = "<group>"; };
		45DB34DB28530F7D007FA63F /* AssetModel.swift */ = {isa = PBXFileReference; lastKnownFileType = sourcecode.swift; path = AssetModel.swift; sourceTree = "<group>"; };
		45DB34FC28542B18007FA63F /* EditView.swift */ = {isa = PBXFileReference; lastKnownFileType = sourcecode.swift; path = EditView.swift; sourceTree = "<group>"; };
		45DB34FE28542DA9007FA63F /* CardView.swift */ = {isa = PBXFileReference; lastKnownFileType = sourcecode.swift; path = CardView.swift; sourceTree = "<group>"; };
		45DB350128544BAB007FA63F /* REST_Helper.swift */ = {isa = PBXFileReference; lastKnownFileType = sourcecode.swift; path = REST_Helper.swift; sourceTree = "<group>"; };
		45DB35052855702A007FA63F /* TypeExtensions.swift */ = {isa = PBXFileReference; lastKnownFileType = sourcecode.swift; path = TypeExtensions.swift; sourceTree = "<group>"; };
/* End PBXFileReference section */

/* Begin PBXFrameworksBuildPhase section */
		4516C45E284FDD9A00A6F888 /* Frameworks */ = {
			isa = PBXFrameworksBuildPhase;
			buildActionMask = 2147483647;
			files = (
			);
			runOnlyForDeploymentPostprocessing = 0;
		};
/* End PBXFrameworksBuildPhase section */

/* Begin PBXGroup section */
		4516C458284FDD9A00A6F888 = {
			isa = PBXGroup;
			children = (
				4516C463284FDD9A00A6F888 /* AssetPriceDisplay */,
				4516C462284FDD9A00A6F888 /* Products */,
			);
			sourceTree = "<group>";
		};
		4516C462284FDD9A00A6F888 /* Products */ = {
			isa = PBXGroup;
			children = (
				4516C461284FDD9A00A6F888 /* AssetPriceDisplay.app */,
			);
			name = Products;
			sourceTree = "<group>";
		};
		4516C463284FDD9A00A6F888 /* AssetPriceDisplay */ = {
			isa = PBXGroup;
			children = (
				45DB350028544B88007FA63F /* External */,
				45D4F0CB28504D3E003EA2DF /* Views */,
				4516C472284FDEEB00A6F888 /* Models */,
				4516C464284FDD9A00A6F888 /* AssetPriceDisplayApp.swift */,
				4516C466284FDD9A00A6F888 /* ContentView.swift */,
				4516C468284FDD9B00A6F888 /* Assets.xcassets */,
				4516C46A284FDD9B00A6F888 /* Preview Content */,
			);
			path = AssetPriceDisplay;
			sourceTree = "<group>";
		};
		4516C46A284FDD9B00A6F888 /* Preview Content */ = {
			isa = PBXGroup;
			children = (
				4516C46B284FDD9B00A6F888 /* Preview Assets.xcassets */,
			);
			path = "Preview Content";
			sourceTree = "<group>";
		};
		4516C472284FDEEB00A6F888 /* Models */ = {
			isa = PBXGroup;
			children = (
				45D4F0D82852DED5003EA2DF /* AssetPriceDisplay.xcdatamodeld */,
				45D4F0DB2852E9B2003EA2DF /* DataProvider.swift */,
				45DB34DB28530F7D007FA63F /* AssetModel.swift */,
				45DB35052855702A007FA63F /* TypeExtensions.swift */,
			);
			path = Models;
			sourceTree = "<group>";
		};
		45D4F0CB28504D3E003EA2DF /* Views */ = {
			isa = PBXGroup;
			children = (
				45D4F0CE2852BE8B003EA2DF /* WatchlistViews */,
			);
			path = Views;
			sourceTree = "<group>";
		};
		45D4F0CE2852BE8B003EA2DF /* WatchlistViews */ = {
			isa = PBXGroup;
			children = (
				45D4F0CC28504D5D003EA2DF /* WatchlistView.swift */,
				45DB34FC28542B18007FA63F /* EditView.swift */,
				45DB34FE28542DA9007FA63F /* CardView.swift */,
			);
			path = WatchlistViews;
			sourceTree = "<group>";
		};
		45DB350028544B88007FA63F /* External */ = {
			isa = PBXGroup;
			children = (
				45DB350128544BAB007FA63F /* REST_Helper.swift */,
			);
			path = External;
			sourceTree = "<group>";
		};
/* End PBXGroup section */

/* Begin PBXNativeTarget section */
		4516C460284FDD9A00A6F888 /* AssetPriceDisplay */ = {
			isa = PBXNativeTarget;
			buildConfigurationList = 4516C46F284FDD9B00A6F888 /* Build configuration list for PBXNativeTarget "AssetPriceDisplay" */;
			buildPhases = (
				4516C45D284FDD9A00A6F888 /* Sources */,
				4516C45E284FDD9A00A6F888 /* Frameworks */,
				4516C45F284FDD9A00A6F888 /* Resources */,
			);
			buildRules = (
			);
			dependencies = (
			);
			name = AssetPriceDisplay;
			productName = AssetPriceDisplay;
			productReference = 4516C461284FDD9A00A6F888 /* AssetPriceDisplay.app */;
			productType = "com.apple.product-type.application";
		};
/* End PBXNativeTarget section */

/* Begin PBXProject section */
		4516C459284FDD9A00A6F888 /* Project object */ = {
			isa = PBXProject;
			attributes = {
				BuildIndependentTargetsInParallel = 1;
				LastSwiftUpdateCheck = 1340;
				LastUpgradeCheck = 1340;
				TargetAttributes = {
					4516C460284FDD9A00A6F888 = {
						CreatedOnToolsVersion = 13.4.1;
					};
				};
			};
			buildConfigurationList = 4516C45C284FDD9A00A6F888 /* Build configuration list for PBXProject "AssetPriceDisplay" */;
			compatibilityVersion = "Xcode 13.0";
			developmentRegion = en;
			hasScannedForEncodings = 0;
			knownRegions = (
				en,
				Base,
			);
			mainGroup = 4516C458284FDD9A00A6F888;
			productRefGroup = 4516C462284FDD9A00A6F888 /* Products */;
			projectDirPath = "";
			projectRoot = "";
			targets = (
				4516C460284FDD9A00A6F888 /* AssetPriceDisplay */,
			);
		};
/* End PBXProject section */

/* Begin PBXResourcesBuildPhase section */
		4516C45F284FDD9A00A6F888 /* Resources */ = {
			isa = PBXResourcesBuildPhase;
			buildActionMask = 2147483647;
			files = (
				4516C46C284FDD9B00A6F888 /* Preview Assets.xcassets in Resources */,
				4516C469284FDD9B00A6F888 /* Assets.xcassets in Resources */,
			);
			runOnlyForDeploymentPostprocessing = 0;
		};
/* End PBXResourcesBuildPhase section */

/* Begin PBXSourcesBuildPhase section */
		4516C45D284FDD9A00A6F888 /* Sources */ = {
			isa = PBXSourcesBuildPhase;
			buildActionMask = 2147483647;
			files = (
				45D4F0CD28504D5D003EA2DF /* WatchlistView.swift in Sources */,
				4516C467284FDD9A00A6F888 /* ContentView.swift in Sources */,
				45D4F0DC2852E9B2003EA2DF /* DataProvider.swift in Sources */,
				45DB350228544BAB007FA63F /* REST_Helper.swift in Sources */,
				4516C465284FDD9A00A6F888 /* AssetPriceDisplayApp.swift in Sources */,
				45DB34FD28542B18007FA63F /* EditView.swift in Sources */,
				45DB34DC28530F7D007FA63F /* AssetModel.swift in Sources */,
				45DB34FF28542DA9007FA63F /* CardView.swift in Sources */,
				45D4F0DA2852DED5003EA2DF /* AssetPriceDisplay.xcdatamodeld in Sources */,
				45DB35062855702A007FA63F /* TypeExtensions.swift in Sources */,
			);
			runOnlyForDeploymentPostprocessing = 0;
		};
/* End PBXSourcesBuildPhase section */

/* Begin XCBuildConfiguration section */
		4516C46D284FDD9B00A6F888 /* Debug */ = {
			isa = XCBuildConfiguration;
			buildSettings = {
				ALWAYS_SEARCH_USER_PATHS = NO;
				CLANG_ANALYZER_NONNULL = YES;
				CLANG_ANALYZER_NUMBER_OBJECT_CONVERSION = YES_AGGRESSIVE;
				CLANG_CXX_LANGUAGE_STANDARD = "gnu++17";
				CLANG_ENABLE_MODULES = YES;
				CLANG_ENABLE_OBJC_ARC = YES;
				CLANG_ENABLE_OBJC_WEAK = YES;
				CLANG_WARN_BLOCK_CAPTURE_AUTORELEASING = YES;
				CLANG_WARN_BOOL_CONVERSION = YES;
				CLANG_WARN_COMMA = YES;
				CLANG_WARN_CONSTANT_CONVERSION = YES;
				CLANG_WARN_DEPRECATED_OBJC_IMPLEMENTATIONS = YES;
				CLANG_WARN_DIRECT_OBJC_ISA_USAGE = YES_ERROR;
				CLANG_WARN_DOCUMENTATION_COMMENTS = YES;
				CLANG_WARN_EMPTY_BODY = YES;
				CLANG_WARN_ENUM_CONVERSION = YES;
				CLANG_WARN_INFINITE_RECURSION = YES;
				CLANG_WARN_INT_CONVERSION = YES;
				CLANG_WARN_NON_LITERAL_NULL_CONVERSION = YES;
				CLANG_WARN_OBJC_IMPLICIT_RETAIN_SELF = YES;
				CLANG_WARN_OBJC_LITERAL_CONVERSION = YES;
				CLANG_WARN_OBJC_ROOT_CLASS = YES_ERROR;
				CLANG_WARN_QUOTED_INCLUDE_IN_FRAMEWORK_HEADER = YES;
				CLANG_WARN_RANGE_LOOP_ANALYSIS = YES;
				CLANG_WARN_STRICT_PROTOTYPES = YES;
				CLANG_WARN_SUSPICIOUS_MOVE = YES;
				CLANG_WARN_UNGUARDED_AVAILABILITY = YES_AGGRESSIVE;
				CLANG_WARN_UNREACHABLE_CODE = YES;
				CLANG_WARN__DUPLICATE_METHOD_MATCH = YES;
				COPY_PHASE_STRIP = NO;
				DEBUG_INFORMATION_FORMAT = dwarf;
				ENABLE_STRICT_OBJC_MSGSEND = YES;
				ENABLE_TESTABILITY = YES;
				GCC_C_LANGUAGE_STANDARD = gnu11;
				GCC_DYNAMIC_NO_PIC = NO;
				GCC_NO_COMMON_BLOCKS = YES;
				GCC_OPTIMIZATION_LEVEL = 0;
				GCC_PREPROCESSOR_DEFINITIONS = (
					"DEBUG=1",
					"$(inherited)",
				);
				GCC_WARN_64_TO_32_BIT_CONVERSION = YES;
				GCC_WARN_ABOUT_RETURN_TYPE = YES_ERROR;
				GCC_WARN_UNDECLARED_SELECTOR = YES;
				GCC_WARN_UNINITIALIZED_AUTOS = YES_AGGRESSIVE;
				GCC_WARN_UNUSED_FUNCTION = YES;
				GCC_WARN_UNUSED_VARIABLE = YES;
				IPHONEOS_DEPLOYMENT_TARGET = 15.5;
				MTL_ENABLE_DEBUG_INFO = INCLUDE_SOURCE;
				MTL_FAST_MATH = YES;
				ONLY_ACTIVE_ARCH = YES;
				SDKROOT = iphoneos;
				SWIFT_ACTIVE_COMPILATION_CONDITIONS = DEBUG;
				SWIFT_OPTIMIZATION_LEVEL = "-Onone";
			};
			name = Debug;
		};
		4516C46E284FDD9B00A6F888 /* Release */ = {
			isa = XCBuildConfiguration;
			buildSettings = {
				ALWAYS_SEARCH_USER_PATHS = NO;
				CLANG_ANALYZER_NONNULL = YES;
				CLANG_ANALYZER_NUMBER_OBJECT_CONVERSION = YES_AGGRESSIVE;
				CLANG_CXX_LANGUAGE_STANDARD = "gnu++17";
				CLANG_ENABLE_MODULES = YES;
				CLANG_ENABLE_OBJC_ARC = YES;
				CLANG_ENABLE_OBJC_WEAK = YES;
				CLANG_WARN_BLOCK_CAPTURE_AUTORELEASING = YES;
				CLANG_WARN_BOOL_CONVERSION = YES;
				CLANG_WARN_COMMA = YES;
				CLANG_WARN_CONSTANT_CONVERSION = YES;
				CLANG_WARN_DEPRECATED_OBJC_IMPLEMENTATIONS = YES;
				CLANG_WARN_DIRECT_OBJC_ISA_USAGE = YES_ERROR;
				CLANG_WARN_DOCUMENTATION_COMMENTS = YES;
				CLANG_WARN_EMPTY_BODY = YES;
				CLANG_WARN_ENUM_CONVERSION = YES;
				CLANG_WARN_INFINITE_RECURSION = YES;
				CLANG_WARN_INT_CONVERSION = YES;
				CLANG_WARN_NON_LITERAL_NULL_CONVERSION = YES;
				CLANG_WARN_OBJC_IMPLICIT_RETAIN_SELF = YES;
				CLANG_WARN_OBJC_LITERAL_CONVERSION = YES;
				CLANG_WARN_OBJC_ROOT_CLASS = YES_ERROR;
				CLANG_WARN_QUOTED_INCLUDE_IN_FRAMEWORK_HEADER = YES;
				CLANG_WARN_RANGE_LOOP_ANALYSIS = YES;
				CLANG_WARN_STRICT_PROTOTYPES = YES;
				CLANG_WARN_SUSPICIOUS_MOVE = YES;
				CLANG_WARN_UNGUARDED_AVAILABILITY = YES_AGGRESSIVE;
				CLANG_WARN_UNREACHABLE_CODE = YES;
				CLANG_WARN__DUPLICATE_METHOD_MATCH = YES;
				COPY_PHASE_STRIP = NO;
				DEBUG_INFORMATION_FORMAT = "dwarf-with-dsym";
				ENABLE_NS_ASSERTIONS = NO;
				ENABLE_STRICT_OBJC_MSGSEND = YES;
				GCC_C_LANGUAGE_STANDARD = gnu11;
				GCC_NO_COMMON_BLOCKS = YES;
				GCC_WARN_64_TO_32_BIT_CONVERSION = YES;
				GCC_WARN_ABOUT_RETURN_TYPE = YES_ERROR;
				GCC_WARN_UNDECLARED_SELECTOR = YES;
				GCC_WARN_UNINITIALIZED_AUTOS = YES_AGGRESSIVE;
				GCC_WARN_UNUSED_FUNCTION = YES;
				GCC_WARN_UNUSED_VARIABLE = YES;
				IPHONEOS_DEPLOYMENT_TARGET = 15.5;
				MTL_ENABLE_DEBUG_INFO = NO;
				MTL_FAST_MATH = YES;
				SDKROOT = iphoneos;
				SWIFT_COMPILATION_MODE = wholemodule;
				SWIFT_OPTIMIZATION_LEVEL = "-O";
				VALIDATE_PRODUCT = YES;
			};
			name = Release;
		};
		4516C470284FDD9B00A6F888 /* Debug */ = {
			isa = XCBuildConfiguration;
			buildSettings = {
				ASSETCATALOG_COMPILER_APPICON_NAME = AppIcon;
				ASSETCATALOG_COMPILER_GLOBAL_ACCENT_COLOR_NAME = AccentColor;
				CODE_SIGN_IDENTITY = "Apple Development";
				CODE_SIGN_STYLE = Automatic;
				CURRENT_PROJECT_VERSION = 1;
				DEVELOPMENT_ASSET_PATHS = "\"AssetPriceDisplay/Preview Content\"";
				DEVELOPMENT_TEAM = 77HSLGM7DC;
				ENABLE_PREVIEWS = YES;
				GENERATE_INFOPLIST_FILE = YES;
				INFOPLIST_KEY_UIApplicationSceneManifest_Generation = YES;
				INFOPLIST_KEY_UIApplicationSupportsIndirectInputEvents = YES;
				INFOPLIST_KEY_UILaunchScreen_Generation = YES;
				INFOPLIST_KEY_UISupportedInterfaceOrientations = UIInterfaceOrientationPortrait;
				INFOPLIST_KEY_UISupportedInterfaceOrientations_iPad = "UIInterfaceOrientationPortrait UIInterfaceOrientationPortraitUpsideDown UIInterfaceOrientationLandscapeLeft UIInterfaceOrientationLandscapeRight";
				INFOPLIST_KEY_UISupportedInterfaceOrientations_iPhone = "UIInterfaceOrientationPortrait UIInterfaceOrientationLandscapeLeft UIInterfaceOrientationLandscapeRight";
				IPHONEOS_DEPLOYMENT_TARGET = 15.5;
				LD_RUNPATH_SEARCH_PATHS = (
					"$(inherited)",
					"@executable_path/Frameworks",
				);
				MARKETING_VERSION = 1.0;
				PRODUCT_BUNDLE_IDENTIFIER = tk.mwang.DiscordRichPresence;
				PRODUCT_NAME = "$(TARGET_NAME)";
				PROVISIONING_PROFILE_SPECIFIER = "";
				SWIFT_EMIT_LOC_STRINGS = YES;
				SWIFT_VERSION = 5.0;
				TARGETED_DEVICE_FAMILY = "1,2";
			};
			name = Debug;
		};
		4516C471284FDD9B00A6F888 /* Release */ = {
			isa = XCBuildConfiguration;
			buildSettings = {
				ASSETCATALOG_COMPILER_APPICON_NAME = AppIcon;
				ASSETCATALOG_COMPILER_GLOBAL_ACCENT_COLOR_NAME = AccentColor;
				CODE_SIGN_IDENTITY = "Apple Development";
				CODE_SIGN_STYLE = Automatic;
				CURRENT_PROJECT_VERSION = 1;
				DEVELOPMENT_ASSET_PATHS = "\"AssetPriceDisplay/Preview Content\"";
				DEVELOPMENT_TEAM = 77HSLGM7DC;
				ENABLE_PREVIEWS = YES;
				GENERATE_INFOPLIST_FILE = YES;
				INFOPLIST_KEY_UIApplicationSceneManifest_Generation = YES;
				INFOPLIST_KEY_UIApplicationSupportsIndirectInputEvents = YES;
				INFOPLIST_KEY_UILaunchScreen_Generation = YES;
				INFOPLIST_KEY_UISupportedInterfaceOrientations = UIInterfaceOrientationPortrait;
				INFOPLIST_KEY_UISupportedInterfaceOrientations_iPad = "UIInterfaceOrientationPortrait UIInterfaceOrientationPortraitUpsideDown UIInterfaceOrientationLandscapeLeft UIInterfaceOrientationLandscapeRight";
				INFOPLIST_KEY_UISupportedInterfaceOrientations_iPhone = "UIInterfaceOrientationPortrait UIInterfaceOrientationLandscapeLeft UIInterfaceOrientationLandscapeRight";
				IPHONEOS_DEPLOYMENT_TARGET = 15.5;
				LD_RUNPATH_SEARCH_PATHS = (
					"$(inherited)",
					"@executable_path/Frameworks",
				);
				MARKETING_VERSION = 1.0;
				PRODUCT_BUNDLE_IDENTIFIER = tk.mwang.DiscordRichPresence;
				PRODUCT_NAME = "$(TARGET_NAME)";
				PROVISIONING_PROFILE_SPECIFIER = "";
				SWIFT_EMIT_LOC_STRINGS = YES;
				SWIFT_VERSION = 5.0;
				TARGETED_DEVICE_FAMILY = "1,2";
			};
			name = Release;
		};
/* End XCBuildConfiguration section */

/* Begin XCConfigurationList section */
		4516C45C284FDD9A00A6F888 /* Build configuration list for PBXProject "AssetPriceDisplay" */ = {
			isa = XCConfigurationList;
			buildConfigurations = (
				4516C46D284FDD9B00A6F888 /* Debug */,
				4516C46E284FDD9B00A6F888 /* Release */,
			);
			defaultConfigurationIsVisible = 0;
			defaultConfigurationName = Release;
		};
		4516C46F284FDD9B00A6F888 /* Build configuration list for PBXNativeTarget "AssetPriceDisplay" */ = {
			isa = XCConfigurationList;
			buildConfigurations = (
				4516C470284FDD9B00A6F888 /* Debug */,
				4516C471284FDD9B00A6F888 /* Release */,
			);
			defaultConfigurationIsVisible = 0;
			defaultConfigurationName = Release;
		};
/* End XCConfigurationList section */

/* Begin XCVersionGroup section */
		45D4F0D82852DED5003EA2DF /* AssetPriceDisplay.xcdatamodeld */ = {
			isa = XCVersionGroup;
			children = (
				45D4F0D92852DED5003EA2DF /* AssetPriceDisplay.xcdatamodel */,
			);
			currentVersion = 45D4F0D92852DED5003EA2DF /* AssetPriceDisplay.xcdatamodel */;
			path = AssetPriceDisplay.xcdatamodeld;
			sourceTree = "<group>";
			versionGroupType = wrapper.xcdatamodel;
		};
/* End XCVersionGroup section */
	};
	rootObject = 4516C459284FDD9A00A6F888 /* Project object */;
}
